
Microsoft Visual Studio Solution File, Format Version 12.00
# Visual Studio Version 17
VisualStudioVersion = 17.4.33205.214
MinimumVisualStudioVersion = 10.0.40219.1
Project("{888888A0-9F3D-457C-B088-3A5042F75D52}") = "pagamr", "pagamr.pyproj", "{6439E496-3B5D-4DB1-B211-F32553B5A466}"
EndProject
Global
	GlobalSection(SolutionConfigurationPlatforms) = preSolution
		Debug|Any CPU = Debug|Any CPU
		Release|Any CPU = Release|Any CPU
	EndGlobalSection
	GlobalSection(ProjectConfigurationPlatforms) = postSolution
		{6439E496-3B5D-4DB1-B211-F32553B5A466}.Debug|Any CPU.ActiveCfg = Debug|Any CPU
		{6439E496-3B5D-4DB1-B211-F32553B5A466}.Release|Any CPU.ActiveCfg = Release|Any CPU
	EndGlobalSection
	GlobalSection(SolutionProperties) = preSolution
		HideSolutionNode = FALSE
	EndGlobalSection
	GlobalSection(ExtensibilityGlobals) = postSolution
		SolutionGuid = {7B639275-B7F8-4DDB-B9FE-0CEEAE15C6F9}
	EndGlobalSection
EndGlobal
